{
  "name": "review-board-ui",
  "version": "0.0.0",
  "lockfileVersion": 3,
  "requires": true,
  "packages": {
    "": {
      "name": "review-board-ui",
      "version": "0.0.0",
      "dependencies": {
        "@fred-oss/design-tokens": "0.1.0-alpha.1",
        "@fred-oss/iframe-sdk": "0.1.0-alpha.3"
      }
    },
    "node_modules/@fred-oss/design-tokens": {
      "version": "0.1.0-alpha.1",
      "resolved": "https://registry.npmjs.org/@fred-oss/design-tokens/-/design-tokens-0.1.0-alpha.1.tgz",
      "integrity": "sha512-+3UeYRe4Qhgtx+U1T/QQqu9172N+7c+DbuSo8G/2mvp5nbrjgLJj1VDdcOv4AYsuaYEvpNzERHo7Z6GTFNenqw==",
      "license": "Apache-2.0",
      "engines": {
        "node": ">=22.13.0"
      }
    },
    "node_modules/@fred-oss/iframe-sdk": {
      "version": "0.1.0-alpha.3",
      "resolved": "https://registry.npmjs.org/@fred-oss/iframe-sdk/-/iframe-sdk-0.1.0-alpha.3.tgz",
      "integrity": "sha512-RtGsASmlDCPw9i6QOzejU65c8baC+AM8Yi3kUuQ99fevhbXa3xIjyOhUiesraDpV2gPY4g1FobnJOEagSHEdkQ==",
      "license": "Apache-2.0",
      "engines": {
        "node": ">=22.13.0"
      }
    }
  }
}
